// !$*UTF8*$!
{
	archiveVersion = 1;
	classes = {
	};
	objectVersion = 77;
	objects = {

/* Begin PBXBuildFile section */
		CA0AD79E2EA6F24A00CC4300 /* SDWebImage in Frameworks */ = {isa = PBXBuildFile; productRef = CA0AD79D2EA6F24A00CC4300 /* SDWebImage */; };
		CA0AD8002EA91F9F00CC4300 /* Font&UIFont+Custom.swift in Sources */ = {isa = PBXBuildFile; fileRef = CA0AD7D12EA91F9F00CC4300 /* Font&UIFont+Custom.swift */; };
		CA0AD8022EA91F9F00CC4300 /* UICollectionView+DeqReuse.swift in Sources */ = {isa = PBXBuildFile; fileRef = CA0AD7D32EA91F9F00CC4300 /* UICollectionView+DeqReuse.swift */; };
		CA0AD8032EA91F9F00CC4300 /* UITextField+Done.swift in Sources */ = {isa = PBXBuildFile; fileRef = CA0AD7D42EA91F9F00CC4300 /* UITextField+Done.swift */; };
		CA0AD8042EA91F9F00CC4300 /* UITextField+OnTouchUpOutside.swift in Sources */ = {isa = PBXBuildFile; fileRef = CA0AD7D52EA91F9F00CC4300 /* UITextField+OnTouchUpOutside.swift */; };
		CA0AD8052EA91F9F00CC4300 /* UIView+AddSubviews.swift in Sources */ = {isa = PBXBuildFile; fileRef = CA0AD7D62EA91F9F00CC4300 /* UIView+AddSubviews.swift */; };
		CA0AD8062EA91F9F00CC4300 /* UserDefaults+Notification.swift in Sources */ = {isa = PBXBuildFile; fileRef = CA0AD7D72EA91F9F00CC4300 /* UserDefaults+Notification.swift */; };
		CA0AD8072EA91F9F00CC4300 /* FavoritesManager.swift in Sources */ = {isa = PBXBuildFile; fileRef = CA0AD7DE2EA91F9F00CC4300 /* FavoritesManager.swift */; };
		CA0AD8082EA91F9F00CC4300 /* ThemeManager.swift in Sources */ = {isa = PBXBuildFile; fileRef = CA0AD7DF2EA91F9F00CC4300 /* ThemeManager.swift */; };
		CA0AD8092EA91F9F00CC4300 /* Movie.swift in Sources */ = {isa = PBXBuildFile; fileRef = CA0AD7E12EA91F9F00CC4300 /* Movie.swift */; };
		CA0AD80A2EA91F9F00CC4300 /* MovieDetails.swift in Sources */ = {isa = PBXBuildFile; fileRef = CA0AD7E22EA91F9F00CC4300 /* MovieDetails.swift */; };
		CA0AD80B2EA91F9F00CC4300 /* MovieListResponse.swift in Sources */ = {isa = PBXBuildFile; fileRef = CA0AD7E32EA91F9F00CC4300 /* MovieListResponse.swift */; };
		CA0AD80C2EA91F9F00CC4300 /* MovieService.swift in Sources */ = {isa = PBXBuildFile; fileRef = CA0AD7E52EA91F9F00CC4300 /* MovieService.swift */; };
		CA0AD80D2EA91F9F00CC4300 /* NetworkService.swift in Sources */ = {isa = PBXBuildFile; fileRef = CA0AD7E62EA91F9F00CC4300 /* NetworkService.swift */; };
		CA0AD80E2EA91F9F00CC4300 /* DetailsScreenViewModel.swift in Sources */ = {isa = PBXBuildFile; fileRef = CA0AD7E82EA91F9F00CC4300 /* DetailsScreenViewModel.swift */; };
		CA0AD80F2EA91F9F00CC4300 /* MoviesScreenViewModel.swift in Sources */ = {isa = PBXBuildFile; fileRef = CA0AD7E92EA91F9F00CC4300 /* MoviesScreenViewModel.swift */; };
		CA0AD8112EA91F9F00CC4300 /* SearchScreenViewController.swift in Sources */ = {isa = PBXBuildFile; fileRef = CA0AD7ED2EA91F9F00CC4300 /* SearchScreenViewController.swift */; };
		CA0AD8122EA91F9F00CC4300 /* AsyncWebImageView.swift in Sources */ = {isa = PBXBuildFile; fileRef = CA0AD7EF2EA91F9F00CC4300 /* AsyncWebImageView.swift */; };
		CA0AD8132EA91F9F00CC4300 /* DotsActivityIndicatorView.swift in Sources */ = {isa = PBXBuildFile; fileRef = CA0AD7F02EA91F9F00CC4300 /* DotsActivityIndicatorView.swift */; };
		CA0AD8142EA91F9F00CC4300 /* FavoritesScreenViewController.swift in Sources */ = {isa = PBXBuildFile; fileRef = CA0AD7F12EA91F9F00CC4300 /* FavoritesScreenViewController.swift */; };
		CA0AD8152EA91F9F00CC4300 /* FirstLoadOverlay.swift in Sources */ = {isa = PBXBuildFile; fileRef = CA0AD7F22EA91F9F00CC4300 /* FirstLoadOverlay.swift */; };
		CA0AD8162EA91F9F00CC4300 /* LoadingFooterView.swift in Sources */ = {isa = PBXBuildFile; fileRef = CA0AD7F32EA91F9F00CC4300 /* LoadingFooterView.swift */; };
		CA0AD8172EA91F9F00CC4300 /* MovieCell.swift in Sources */ = {isa = PBXBuildFile; fileRef = CA0AD7F42EA91F9F00CC4300 /* MovieCell.swift */; };
		CA0AD8182EA91F9F00CC4300 /* MovieDetailsViewController.swift in Sources */ = {isa = PBXBuildFile; fileRef = CA0AD7F52EA91F9F00CC4300 /* MovieDetailsViewController.swift */; };
		CA0AD81A2EA91F9F00CC4300 /* AppDelegate.swift in Sources */ = {isa = PBXBuildFile; fileRef = CA0AD7F82EA91F9F00CC4300 /* AppDelegate.swift */; };
		CA0AD81B2EA91F9F00CC4300 /* Helper.swift in Sources */ = {isa = PBXBuildFile; fileRef = CA0AD7FA2EA91F9F00CC4300 /* Helper.swift */; };
		CA0AD81C2EA91F9F00CC4300 /* SceneDelegate.swift in Sources */ = {isa = PBXBuildFile; fileRef = CA0AD7FE2EA91F9F00CC4300 /* SceneDelegate.swift */; };
		CA0AD81D2EA91F9F00CC4300 /* Roboto-Bold.ttf in Resources */ = {isa = PBXBuildFile; fileRef = CA0AD7D92EA91F9F00CC4300 /* Roboto-Bold.ttf */; };
		CA0AD81E2EA91F9F00CC4300 /* Roboto-Medium.ttf in Resources */ = {isa = PBXBuildFile; fileRef = CA0AD7DA2EA91F9F00CC4300 /* Roboto-Medium.ttf */; };
		CA0AD81F2EA91F9F00CC4300 /* Roboto-Regular.ttf in Resources */ = {isa = PBXBuildFile; fileRef = CA0AD7DB2EA91F9F00CC4300 /* Roboto-Regular.ttf */; };
		CA0AD8202EA91F9F00CC4300 /* Roboto-SemiBold.ttf in Resources */ = {isa = PBXBuildFile; fileRef = CA0AD7DC2EA91F9F00CC4300 /* Roboto-SemiBold.ttf */; };
		CA0AD8212EA91F9F00CC4300 /* Assets.xcassets in Resources */ = {isa = PBXBuildFile; fileRef = CA0AD7F92EA91F9F00CC4300 /* Assets.xcassets */; };
		CA0AD8232EA91F9F00CC4300 /* LaunchScreen.storyboard in Resources */ = {isa = PBXBuildFile; fileRef = CA0AD7FD2EA91F9F00CC4300 /* LaunchScreen.storyboard */; };
		CA0AD82D2EA92E7200CC4300 /* SearchScreenViewModel.swift in Sources */ = {isa = PBXBuildFile; fileRef = CA0AD82C2EA92E7200CC4300 /* SearchScreenViewModel.swift */; };
		CA0AD8332EA934AE00CC4300 /* SearchScreenView.swift in Sources */ = {isa = PBXBuildFile; fileRef = CA0AD8322EA934AE00CC4300 /* SearchScreenView.swift */; };
		CA0AD8352EA938BC00CC4300 /* MoviesScreenView.swift in Sources */ = {isa = PBXBuildFile; fileRef = CA0AD8342EA938BC00CC4300 /* MoviesScreenView.swift */; };
		CA0AD8382EA9403100CC4300 /* CustomUICollectionViewCell.swift in Sources */ = {isa = PBXBuildFile; fileRef = CA0AD8372EA9403100CC4300 /* CustomUICollectionViewCell.swift */; };
		CA0AD83A2EA9479C00CC4300 /* MoviesScreenViewController.swift in Sources */ = {isa = PBXBuildFile; fileRef = CA0AD8392EA9479C00CC4300 /* MoviesScreenViewController.swift */; };
		CA0AD83D2EA948BD00CC4300 /* MovieDetailsView.swift in Sources */ = {isa = PBXBuildFile; fileRef = CA0AD83C2EA948BD00CC4300 /* MovieDetailsView.swift */; };
		CA0AD8412EA9496800CC4300 /* GrowFromSourceTransiton.swift in Sources */ = {isa = PBXBuildFile; fileRef = CA0AD8402EA9496800CC4300 /* GrowFromSourceTransiton.swift */; };
		CA0AD8432EA94DA900CC4300 /* FavoritesScreenView.swift in Sources */ = {isa = PBXBuildFile; fileRef = CA0AD8422EA94DA900CC4300 /* FavoritesScreenView.swift */; };
		CA0AD8452EA94DDA00CC4300 /* FavoritesScreenViewModel.swift in Sources */ = {isa = PBXBuildFile; fileRef = CA0AD8442EA94DDA00CC4300 /* FavoritesScreenViewModel.swift */; };
		CA0AD8472EA961DE00CC4300 /* NetworkMonitor.swift in Sources */ = {isa = PBXBuildFile; fileRef = CA0AD8462EA961DE00CC4300 /* NetworkMonitor.swift */; };
		CA0AD8492EA962D200CC4300 /* UIViewController+ShowAlert.swift in Sources */ = {isa = PBXBuildFile; fileRef = CA0AD8482EA962D200CC4300 /* UIViewController+ShowAlert.swift */; };
		CA0AD84B2EA9642300CC4300 /* Error.swift in Sources */ = {isa = PBXBuildFile; fileRef = CA0AD84A2EA9642300CC4300 /* Error.swift */; };
		CA0AD84D2EA96E1900CC4300 /* DateFormatters.swift in Sources */ = {isa = PBXBuildFile; fileRef = CA0AD84C2EA96E1900CC4300 /* DateFormatters.swift */; };
		CA0AD8542EA973F000CC4300 /* FavoritesStore.xcdatamodeld in Sources */ = {isa = PBXBuildFile; fileRef = CA0AD8522EA973F000CC4300 /* FavoritesStore.xcdatamodeld */; };
/* End PBXBuildFile section */

/* Begin PBXFileReference section */
		CA0AD7D12EA91F9F00CC4300 /* Font&UIFont+Custom.swift */ = {isa = PBXFileReference; lastKnownFileType = sourcecode.swift; path = "Font&UIFont+Custom.swift"; sourceTree = "<group>"; };
		CA0AD7D32EA91F9F00CC4300 /* UICollectionView+DeqReuse.swift */ = {isa = PBXFileReference; lastKnownFileType = sourcecode.swift; path = "UICollectionView+DeqReuse.swift"; sourceTree = "<group>"; };
		CA0AD7D42EA91F9F00CC4300 /* UITextField+Done.swift */ = {isa = PBXFileReference; lastKnownFileType = sourcecode.swift; path = "UITextField+Done.swift"; sourceTree = "<group>"; };
		CA0AD7D52EA91F9F00CC4300 /* UITextField+OnTouchUpOutside.swift */ = {isa = PBXFileReference; lastKnownFileType = sourcecode.swift; path = "UITextField+OnTouchUpOutside.swift"; sourceTree = "<group>"; };
		CA0AD7D62EA91F9F00CC4300 /* UIView+AddSubviews.swift */ = {isa = PBXFileReference; lastKnownFileType = sourcecode.swift; path = "UIView+AddSubviews.swift"; sourceTree = "<group>"; };
		CA0AD7D72EA91F9F00CC4300 /* UserDefaults+Notification.swift */ = {isa = PBXFileReference; lastKnownFileType = sourcecode.swift; path = "UserDefaults+Notification.swift"; sourceTree = "<group>"; };
		CA0AD7D92EA91F9F00CC4300 /* Roboto-Bold.ttf */ = {isa = PBXFileReference; lastKnownFileType = file; path = "Roboto-Bold.ttf"; sourceTree = "<group>"; };
		CA0AD7DA2EA91F9F00CC4300 /* Roboto-Medium.ttf */ = {isa = PBXFileReference; lastKnownFileType = file; path = "Roboto-Medium.ttf"; sourceTree = "<group>"; };
		CA0AD7DB2EA91F9F00CC4300 /* Roboto-Regular.ttf */ = {isa = PBXFileReference; lastKnownFileType = file; path = "Roboto-Regular.ttf"; sourceTree = "<group>"; };
		CA0AD7DC2EA91F9F00CC4300 /* Roboto-SemiBold.ttf */ = {isa = PBXFileReference; lastKnownFileType = file; path = "Roboto-SemiBold.ttf"; sourceTree = "<group>"; };
		CA0AD7DE2EA91F9F00CC4300 /* FavoritesManager.swift */ = {isa = PBXFileReference; lastKnownFileType = sourcecode.swift; path = FavoritesManager.swift; sourceTree = "<group>"; };
		CA0AD7DF2EA91F9F00CC4300 /* ThemeManager.swift */ = {isa = PBXFileReference; lastKnownFileType = sourcecode.swift; path = ThemeManager.swift; sourceTree = "<group>"; };
		CA0AD7E12EA91F9F00CC4300 /* Movie.swift */ = {isa = PBXFileReference; lastKnownFileType = sourcecode.swift; path = Movie.swift; sourceTree = "<group>"; };
		CA0AD7E22EA91F9F00CC4300 /* MovieDetails.swift */ = {isa = PBXFileReference; lastKnownFileType = sourcecode.swift; path = MovieDetails.swift; sourceTree = "<group>"; };
		CA0AD7E32EA91F9F00CC4300 /* MovieListResponse.swift */ = {isa = PBXFileReference; lastKnownFileType = sourcecode.swift; path = MovieListResponse.swift; sourceTree = "<group>"; };
		CA0AD7E52EA91F9F00CC4300 /* MovieService.swift */ = {isa = PBXFileReference; lastKnownFileType = sourcecode.swift; path = MovieService.swift; sourceTree = "<group>"; };
		CA0AD7E62EA91F9F00CC4300 /* NetworkService.swift */ = {isa = PBXFileReference; lastKnownFileType = sourcecode.swift; path = NetworkService.swift; sourceTree = "<group>"; };
		CA0AD7E82EA91F9F00CC4300 /* DetailsScreenViewModel.swift */ = {isa = PBXFileReference; lastKnownFileType = sourcecode.swift; path = DetailsScreenViewModel.swift; sourceTree = "<group>"; };
		CA0AD7E92EA91F9F00CC4300 /* MoviesScreenViewModel.swift */ = {isa = PBXFileReference; lastKnownFileType = sourcecode.swift; path = MoviesScreenViewModel.swift; sourceTree = "<group>"; };
		CA0AD7ED2EA91F9F00CC4300 /* SearchScreenViewController.swift */ = {isa = PBXFileReference; lastKnownFileType = sourcecode.swift; path = SearchScreenViewController.swift; sourceTree = "<group>"; };
		CA0AD7EF2EA91F9F00CC4300 /* AsyncWebImageView.swift */ = {isa = PBXFileReference; lastKnownFileType = sourcecode.swift; path = AsyncWebImageView.swift; sourceTree = "<group>"; };
		CA0AD7F02EA91F9F00CC4300 /* DotsActivityIndicatorView.swift */ = {isa = PBXFileReference; lastKnownFileType = sourcecode.swift; path = DotsActivityIndicatorView.swift; sourceTree = "<group>"; };
		CA0AD7F12EA91F9F00CC4300 /* FavoritesScreenViewController.swift */ = {isa = PBXFileReference; lastKnownFileType = sourcecode.swift; path = FavoritesScreenViewController.swift; sourceTree = "<group>"; };
		CA0AD7F22EA91F9F00CC4300 /* FirstLoadOverlay.swift */ = {isa = PBXFileReference; lastKnownFileType = sourcecode.swift; path = FirstLoadOverlay.swift; sourceTree = "<group>"; };
		CA0AD7F32EA91F9F00CC4300 /* LoadingFooterView.swift */ = {isa = PBXFileReference; lastKnownFileType = sourcecode.swift; path = LoadingFooterView.swift; sourceTree = "<group>"; };
		CA0AD7F42EA91F9F00CC4300 /* MovieCell.swift */ = {isa = PBXFileReference; lastKnownFileType = sourcecode.swift; path = MovieCell.swift; sourceTree = "<group>"; };
		CA0AD7F52EA91F9F00CC4300 /* MovieDetailsViewController.swift */ = {isa = PBXFileReference; lastKnownFileType = sourcecode.swift; path = MovieDetailsViewController.swift; sourceTree = "<group>"; };
		CA0AD7F82EA91F9F00CC4300 /* AppDelegate.swift */ = {isa = PBXFileReference; lastKnownFileType = sourcecode.swift; path = AppDelegate.swift; sourceTree = "<group>"; };
		CA0AD7F92EA91F9F00CC4300 /* Assets.xcassets */ = {isa = PBXFileReference; lastKnownFileType = folder.assetcatalog; path = Assets.xcassets; sourceTree = "<group>"; };
		CA0AD7FA2EA91F9F00CC4300 /* Helper.swift */ = {isa = PBXFileReference; lastKnownFileType = sourcecode.swift; path = Helper.swift; sourceTree = "<group>"; };
		CA0AD7FB2EA91F9F00CC4300 /* Info.plist */ = {isa = PBXFileReference; lastKnownFileType = text.plist.xml; path = Info.plist; sourceTree = "<group>"; };
		CA0AD7FC2EA91F9F00CC4300 /* Base */ = {isa = PBXFileReference; lastKnownFileType = file.storyboard; name = Base; path = Base.lproj/LaunchScreen.storyboard; sourceTree = "<group>"; };
		CA0AD7FE2EA91F9F00CC4300 /* SceneDelegate.swift */ = {isa = PBXFileReference; lastKnownFileType = sourcecode.swift; path = SceneDelegate.swift; sourceTree = "<group>"; };
		CA0AD82C2EA92E7200CC4300 /* SearchScreenViewModel.swift */ = {isa = PBXFileReference; lastKnownFileType = sourcecode.swift; path = SearchScreenViewModel.swift; sourceTree = "<group>"; };
		CA0AD8322EA934AE00CC4300 /* SearchScreenView.swift */ = {isa = PBXFileReference; lastKnownFileType = sourcecode.swift; path = SearchScreenView.swift; sourceTree = "<group>"; };
		CA0AD8342EA938BC00CC4300 /* MoviesScreenView.swift */ = {isa = PBXFileReference; lastKnownFileType = sourcecode.swift; path = MoviesScreenView.swift; sourceTree = "<group>"; };
		CA0AD8372EA9403100CC4300 /* CustomUICollectionViewCell.swift */ = {isa = PBXFileReference; lastKnownFileType = sourcecode.swift; path = CustomUICollectionViewCell.swift; sourceTree = "<group>"; };
		CA0AD8392EA9479C00CC4300 /* MoviesScreenViewController.swift */ = {isa = PBXFileReference; lastKnownFileType = sourcecode.swift; path = MoviesScreenViewController.swift; sourceTree = "<group>"; };
		CA0AD83C2EA948BD00CC4300 /* MovieDetailsView.swift */ = {isa = PBXFileReference; lastKnownFileType = sourcecode.swift; path = MovieDetailsView.swift; sourceTree = "<group>"; };
		CA0AD8402EA9496800CC4300 /* GrowFromSourceTransiton.swift */ = {isa = PBXFileReference; lastKnownFileType = sourcecode.swift; path = GrowFromSourceTransiton.swift; sourceTree = "<group>"; };
		CA0AD8422EA94DA900CC4300 /* FavoritesScreenView.swift */ = {isa = PBXFileReference; lastKnownFileType = sourcecode.swift; path = FavoritesScreenView.swift; sourceTree = "<group>"; };
		CA0AD8442EA94DDA00CC4300 /* FavoritesScreenViewModel.swift */ = {isa = PBXFileReference; lastKnownFileType = sourcecode.swift; path = FavoritesScreenViewModel.swift; sourceTree = "<group>"; };
		CA0AD8462EA961DE00CC4300 /* NetworkMonitor.swift */ = {isa = PBXFileReference; lastKnownFileType = sourcecode.swift; path = NetworkMonitor.swift; sourceTree = "<group>"; };
		CA0AD8482EA962D200CC4300 /* UIViewController+ShowAlert.swift */ = {isa = PBXFileReference; lastKnownFileType = sourcecode.swift; path = "UIViewController+ShowAlert.swift"; sourceTree = "<group>"; };
		CA0AD84A2EA9642300CC4300 /* Error.swift */ = {isa = PBXFileReference; lastKnownFileType = sourcecode.swift; path = Error.swift; sourceTree = "<group>"; };
		CA0AD84C2EA96E1900CC4300 /* DateFormatters.swift */ = {isa = PBXFileReference; lastKnownFileType = sourcecode.swift; path = DateFormatters.swift; sourceTree = "<group>"; };
		CA0AD8532EA973F000CC4300 /* FavoritesStore.xcdatamodel */ = {isa = PBXFileReference; lastKnownFileType = wrapper.xcdatamodel; path = FavoritesStore.xcdatamodel; sourceTree = "<group>"; };
		CB3540482E53764C000E1DD6 /* TestForInterview.app */ = {isa = PBXFileReference; explicitFileType = wrapper.application; includeInIndex = 0; path = TestForInterview.app; sourceTree = BUILT_PRODUCTS_DIR; };
/* End PBXFileReference section */

/* Begin PBXFrameworksBuildPhase section */
		CB3540452E53764C000E1DD6 /* Frameworks */ = {
			isa = PBXFrameworksBuildPhase;
			buildActionMask = 2147483647;
			files = (
				CA0AD79E2EA6F24A00CC4300 /* SDWebImage in Frameworks */,
			);
			runOnlyForDeploymentPostprocessing = 0;
		};
/* End PBXFrameworksBuildPhase section */

/* Begin PBXGroup section */
		CA0AD7D82EA91F9F00CC4300 /* Extensions */ = {
			isa = PBXGroup;
			children = (
				CA0AD7D12EA91F9F00CC4300 /* Font&UIFont+Custom.swift */,
				CA0AD7D32EA91F9F00CC4300 /* UICollectionView+DeqReuse.swift */,
				CA0AD7D42EA91F9F00CC4300 /* UITextField+Done.swift */,
				CA0AD7D52EA91F9F00CC4300 /* UITextField+OnTouchUpOutside.swift */,
				CA0AD7D62EA91F9F00CC4300 /* UIView+AddSubviews.swift */,
				CA0AD7D72EA91F9F00CC4300 /* UserDefaults+Notification.swift */,
				CA0AD8482EA962D200CC4300 /* UIViewController+ShowAlert.swift */,
				CA0AD84C2EA96E1900CC4300 /* DateFormatters.swift */,
			);
			path = Extensions;
			sourceTree = "<group>";
		};
		CA0AD7DD2EA91F9F00CC4300 /* Fonts */ = {
			isa = PBXGroup;
			children = (
				CA0AD7D92EA91F9F00CC4300 /* Roboto-Bold.ttf */,
				CA0AD7DA2EA91F9F00CC4300 /* Roboto-Medium.ttf */,
				CA0AD7DB2EA91F9F00CC4300 /* Roboto-Regular.ttf */,
				CA0AD7DC2EA91F9F00CC4300 /* Roboto-SemiBold.ttf */,
			);
			path = Fonts;
			sourceTree = "<group>";
		};
		CA0AD7E02EA91F9F00CC4300 /* Managers */ = {
			isa = PBXGroup;
			children = (
				CA0AD8552EA985AC00CC4300 /* FavoritesManager */,
				CA0AD7DF2EA91F9F00CC4300 /* ThemeManager.swift */,
			);
			path = Managers;
			sourceTree = "<group>";
		};
		CA0AD7E42EA91F9F00CC4300 /* Models */ = {
			isa = PBXGroup;
			children = (
				CA0AD7E12EA91F9F00CC4300 /* Movie.swift */,
				CA0AD7E22EA91F9F00CC4300 /* MovieDetails.swift */,
				CA0AD7E32EA91F9F00CC4300 /* MovieListResponse.swift */,
				CA0AD84A2EA9642300CC4300 /* Error.swift */,
			);
			path = Models;
			sourceTree = "<group>";
		};
		CA0AD7E72EA91F9F00CC4300 /* Services */ = {
			isa = PBXGroup;
			children = (
				CA0AD7E52EA91F9F00CC4300 /* MovieService.swift */,
				CA0AD7E62EA91F9F00CC4300 /* NetworkService.swift */,
				CA0AD8462EA961DE00CC4300 /* NetworkMonitor.swift */,
			);
			path = Services;
			sourceTree = "<group>";
		};
		CA0AD7EC2EA91F9F00CC4300 /* View */ = {
			isa = PBXGroup;
			children = (
				CA0AD8322EA934AE00CC4300 /* SearchScreenView.swift */,
			);
			path = View;
			sourceTree = "<group>";
		};
		CA0AD7EE2EA91F9F00CC4300 /* SearchScreen */ = {
			isa = PBXGroup;
			children = (
				CA0AD7ED2EA91F9F00CC4300 /* SearchScreenViewController.swift */,
				CA0AD7EC2EA91F9F00CC4300 /* View */,
				CA0AD82E2EA92FB000CC4300 /* ViewModel */,
			);
			path = SearchScreen;
			sourceTree = "<group>";
		};
		CA0AD7F72EA91F9F00CC4300 /* Views */ = {
			isa = PBXGroup;
			children = (
				CA0AD8242EA9296A00CC4300 /* MoviesScreen */,
				CA0AD8282EA929D200CC4300 /* MovieDetailsScreen */,
				CA0AD7EE2EA91F9F00CC4300 /* SearchScreen */,
				CA0AD8272EA929B000CC4300 /* FavoritesScreen */,
			);
			path = Views;
			sourceTree = "<group>";
		};
		CA0AD7FF2EA91F9F00CC4300 /* TestForInterview */ = {
			isa = PBXGroup;
			children = (
				CA0AD8292EA92A0000CC4300 /* App */,
				CA0AD7F72EA91F9F00CC4300 /* Views */,
				CA0AD7E72EA91F9F00CC4300 /* Services */,
				CA0AD7E02EA91F9F00CC4300 /* Managers */,
				CA0AD7E42EA91F9F00CC4300 /* Models */,
				CA0AD82B2EA92A6F00CC4300 /* Helpers */,
				CA0AD82A2EA92A4100CC4300 /* Resources */,
			);
			path = TestForInterview;
			sourceTree = "<group>";
		};
		CA0AD8242EA9296A00CC4300 /* MoviesScreen */ = {
			isa = PBXGroup;
			children = (
				CA0AD8392EA9479C00CC4300 /* MoviesScreenViewController.swift */,
				CA0AD8252EA9299A00CC4300 /* View */,
				CA0AD8362EA93DD100CC4300 /* ViewModel */,
			);
			path = MoviesScreen;
			sourceTree = "<group>";
		};
		CA0AD8252EA9299A00CC4300 /* View */ = {
			isa = PBXGroup;
			children = (
				CA0AD8342EA938BC00CC4300 /* MoviesScreenView.swift */,
				CA0AD7F02EA91F9F00CC4300 /* DotsActivityIndicatorView.swift */,
				CA0AD7F22EA91F9F00CC4300 /* FirstLoadOverlay.swift */,
				CA0AD7F32EA91F9F00CC4300 /* LoadingFooterView.swift */,
				CA0AD8262EA929A600CC4300 /* Cell */,
			);
			path = View;
			sourceTree = "<group>";
		};
		CA0AD8262EA929A600CC4300 /* Cell */ = {
			isa = PBXGroup;
			children = (
				CA0AD7F42EA91F9F00CC4300 /* MovieCell.swift */,
				CA0AD8372EA9403100CC4300 /* CustomUICollectionViewCell.swift */,
			);
			path = Cell;
			sourceTree = "<group>";
		};
		CA0AD8272EA929B000CC4300 /* FavoritesScreen */ = {
			isa = PBXGroup;
			children = (
				CA0AD7F12EA91F9F00CC4300 /* FavoritesScreenViewController.swift */,
				CA0AD8402EA9496800CC4300 /* GrowFromSourceTransiton.swift */,
				CA0AD83E2EA9494300CC4300 /* View */,
				CA0AD83F2EA9494A00CC4300 /* ViewModel */,
			);
			path = FavoritesScreen;
			sourceTree = "<group>";
		};
		CA0AD8282EA929D200CC4300 /* MovieDetailsScreen */ = {
			isa = PBXGroup;
			children = (
				CA0AD7F52EA91F9F00CC4300 /* MovieDetailsViewController.swift */,
				CA0AD82F2EA92FEB00CC4300 /* View */,
				CA0AD83B2EA947E000CC4300 /* ViewModel */,
			);
			path = MovieDetailsScreen;
			sourceTree = "<group>";
		};
		CA0AD8292EA92A0000CC4300 /* App */ = {
			isa = PBXGroup;
			children = (
				CA0AD7F82EA91F9F00CC4300 /* AppDelegate.swift */,
				CA0AD7FE2EA91F9F00CC4300 /* SceneDelegate.swift */,
			);
			path = App;
			sourceTree = "<group>";
		};
		CA0AD82A2EA92A4100CC4300 /* Resources */ = {
			isa = PBXGroup;
			children = (
				CA0AD7F92EA91F9F00CC4300 /* Assets.xcassets */,
				CA0AD7FB2EA91F9F00CC4300 /* Info.plist */,
				CA0AD7FD2EA91F9F00CC4300 /* LaunchScreen.storyboard */,
				CA0AD7DD2EA91F9F00CC4300 /* Fonts */,
			);
			path = Resources;
			sourceTree = "<group>";
		};
		CA0AD82B2EA92A6F00CC4300 /* Helpers */ = {
			isa = PBXGroup;
			children = (
				CA0AD7FA2EA91F9F00CC4300 /* Helper.swift */,
				CA0AD7D82EA91F9F00CC4300 /* Extensions */,
			);
			path = Helpers;
			sourceTree = "<group>";
		};
		CA0AD82E2EA92FB000CC4300 /* ViewModel */ = {
			isa = PBXGroup;
			children = (
				CA0AD82C2EA92E7200CC4300 /* SearchScreenViewModel.swift */,
			);
			path = ViewModel;
			sourceTree = "<group>";
		};
		CA0AD82F2EA92FEB00CC4300 /* View */ = {
			isa = PBXGroup;
			children = (
				CA0AD83C2EA948BD00CC4300 /* MovieDetailsView.swift */,
				CA0AD7EF2EA91F9F00CC4300 /* AsyncWebImageView.swift */,
			);
			path = View;
			sourceTree = "<group>";
		};
		CA0AD8362EA93DD100CC4300 /* ViewModel */ = {
			isa = PBXGroup;
			children = (
				CA0AD7E92EA91F9F00CC4300 /* MoviesScreenViewModel.swift */,
			);
			path = ViewModel;
			sourceTree = "<group>";
		};
		CA0AD83B2EA947E000CC4300 /* ViewModel */ = {
			isa = PBXGroup;
			children = (
				CA0AD7E82EA91F9F00CC4300 /* DetailsScreenViewModel.swift */,
			);
			path = ViewModel;
			sourceTree = "<group>";
		};
		CA0AD83E2EA9494300CC4300 /* View */ = {
			isa = PBXGroup;
			children = (
				CA0AD8422EA94DA900CC4300 /* FavoritesScreenView.swift */,
			);
			path = View;
			sourceTree = "<group>";
		};
		CA0AD83F2EA9494A00CC4300 /* ViewModel */ = {
			isa = PBXGroup;
			children = (
				CA0AD8442EA94DDA00CC4300 /* FavoritesScreenViewModel.swift */,
			);
			path = ViewModel;
			sourceTree = "<group>";
		};
		CA0AD8552EA985AC00CC4300 /* FavoritesManager */ = {
			isa = PBXGroup;
			children = (
				CA0AD7DE2EA91F9F00CC4300 /* FavoritesManager.swift */,
				CA0AD8522EA973F000CC4300 /* FavoritesStore.xcdatamodeld */,
			);
			path = FavoritesManager;
			sourceTree = "<group>";
		};
		CB35403F2E53764C000E1DD6 = {
			isa = PBXGroup;
			children = (
				CA0AD7FF2EA91F9F00CC4300 /* TestForInterview */,
				CB3540492E53764C000E1DD6 /* Products */,
			);
			sourceTree = "<group>";
		};
		CB3540492E53764C000E1DD6 /* Products */ = {
			isa = PBXGroup;
			children = (
				CB3540482E53764C000E1DD6 /* TestForInterview.app */,
			);
			name = Products;
			sourceTree = "<group>";
		};
/* End PBXGroup section */

/* Begin PBXNativeTarget section */
		CB3540472E53764C000E1DD6 /* TestForInterview */ = {
			isa = PBXNativeTarget;
			buildConfigurationList = CB35405B2E53764E000E1DD6 /* Build configuration list for PBXNativeTarget "TestForInterview" */;
			buildPhases = (
				CB3540442E53764C000E1DD6 /* Sources */,
				CB3540452E53764C000E1DD6 /* Frameworks */,
				CB3540462E53764C000E1DD6 /* Resources */,
			);
			buildRules = (
			);
			dependencies = (
			);
			name = TestForInterview;
			packageProductDependencies = (
				CA0AD79D2EA6F24A00CC4300 /* SDWebImage */,
			);
			productName = TestForInterview;
			productReference = CB3540482E53764C000E1DD6 /* TestForInterview.app */;
			productType = "com.apple.product-type.application";
		};
/* End PBXNativeTarget section */

/* Begin PBXProject section */
		CB3540402E53764C000E1DD6 /* Project object */ = {
			isa = PBXProject;
			attributes = {
				BuildIndependentTargetsInParallel = 1;
				LastSwiftUpdateCheck = 1640;
				LastUpgradeCheck = 1640;
				TargetAttributes = {
					CB3540472E53764C000E1DD6 = {
						CreatedOnToolsVersion = 16.4;
					};
				};
			};
			buildConfigurationList = CB3540432E53764C000E1DD6 /* Build configuration list for PBXProject "TestForInterview" */;
			developmentRegion = en;
			hasScannedForEncodings = 0;
			knownRegions = (
				en,
				Base,
			);
			mainGroup = CB35403F2E53764C000E1DD6;
			minimizedProjectReferenceProxies = 1;
			packageReferences = (
				CA0AD79C2EA6F24A00CC4300 /* XCRemoteSwiftPackageReference "SDWebImage" */,
			);
			preferredProjectObjectVersion = 77;
			productRefGroup = CB3540492E53764C000E1DD6 /* Products */;
			projectDirPath = "";
			projectRoot = "";
			targets = (
				CB3540472E53764C000E1DD6 /* TestForInterview */,
			);
		};
/* End PBXProject section */

/* Begin PBXResourcesBuildPhase section */
		CB3540462E53764C000E1DD6 /* Resources */ = {
			isa = PBXResourcesBuildPhase;
			buildActionMask = 2147483647;
			files = (
				CA0AD81D2EA91F9F00CC4300 /* Roboto-Bold.ttf in Resources */,
				CA0AD81E2EA91F9F00CC4300 /* Roboto-Medium.ttf in Resources */,
				CA0AD81F2EA91F9F00CC4300 /* Roboto-Regular.ttf in Resources */,
				CA0AD8202EA91F9F00CC4300 /* Roboto-SemiBold.ttf in Resources */,
				CA0AD8212EA91F9F00CC4300 /* Assets.xcassets in Resources */,
				CA0AD8232EA91F9F00CC4300 /* LaunchScreen.storyboard in Resources */,
			);
			runOnlyForDeploymentPostprocessing = 0;
		};
/* End PBXResourcesBuildPhase section */

/* Begin PBXSourcesBuildPhase section */
		CB3540442E53764C000E1DD6 /* Sources */ = {
			isa = PBXSourcesBuildPhase;
			buildActionMask = 2147483647;
			files = (
				CA0AD8002EA91F9F00CC4300 /* Font&UIFont+Custom.swift in Sources */,
				CA0AD8022EA91F9F00CC4300 /* UICollectionView+DeqReuse.swift in Sources */,
				CA0AD8352EA938BC00CC4300 /* MoviesScreenView.swift in Sources */,
				CA0AD84D2EA96E1900CC4300 /* DateFormatters.swift in Sources */,
				CA0AD8032EA91F9F00CC4300 /* UITextField+Done.swift in Sources */,
				CA0AD8332EA934AE00CC4300 /* SearchScreenView.swift in Sources */,
				CA0AD8042EA91F9F00CC4300 /* UITextField+OnTouchUpOutside.swift in Sources */,
				CA0AD8052EA91F9F00CC4300 /* UIView+AddSubviews.swift in Sources */,
				CA0AD8062EA91F9F00CC4300 /* UserDefaults+Notification.swift in Sources */,
				CA0AD8072EA91F9F00CC4300 /* FavoritesManager.swift in Sources */,
				CA0AD8082EA91F9F00CC4300 /* ThemeManager.swift in Sources */,
				CA0AD8092EA91F9F00CC4300 /* Movie.swift in Sources */,
				CA0AD80A2EA91F9F00CC4300 /* MovieDetails.swift in Sources */,
				CA0AD80B2EA91F9F00CC4300 /* MovieListResponse.swift in Sources */,
				CA0AD80C2EA91F9F00CC4300 /* MovieService.swift in Sources */,
				CA0AD8472EA961DE00CC4300 /* NetworkMonitor.swift in Sources */,
				CA0AD80D2EA91F9F00CC4300 /* NetworkService.swift in Sources */,
				CA0AD8412EA9496800CC4300 /* GrowFromSourceTransiton.swift in Sources */,
				CA0AD80E2EA91F9F00CC4300 /* DetailsScreenViewModel.swift in Sources */,
				CA0AD84B2EA9642300CC4300 /* Error.swift in Sources */,
				CA0AD80F2EA91F9F00CC4300 /* MoviesScreenViewModel.swift in Sources */,
				CA0AD8112EA91F9F00CC4300 /* SearchScreenViewController.swift in Sources */,
				CA0AD82D2EA92E7200CC4300 /* SearchScreenViewModel.swift in Sources */,
				CA0AD8122EA91F9F00CC4300 /* AsyncWebImageView.swift in Sources */,
				CA0AD8132EA91F9F00CC4300 /* DotsActivityIndicatorView.swift in Sources */,
				CA0AD8382EA9403100CC4300 /* CustomUICollectionViewCell.swift in Sources */,
				CA0AD8542EA973F000CC4300 /* FavoritesStore.xcdatamodeld in Sources */,
				CA0AD8142EA91F9F00CC4300 /* FavoritesScreenViewController.swift in Sources */,
				CA0AD83D2EA948BD00CC4300 /* MovieDetailsView.swift in Sources */,
				CA0AD8152EA91F9F00CC4300 /* FirstLoadOverlay.swift in Sources */,
				CA0AD8162EA91F9F00CC4300 /* LoadingFooterView.swift in Sources */,
				CA0AD8492EA962D200CC4300 /* UIViewController+ShowAlert.swift in Sources */,
				CA0AD83A2EA9479C00CC4300 /* MoviesScreenViewController.swift in Sources */,
				CA0AD8172EA91F9F00CC4300 /* MovieCell.swift in Sources */,
				CA0AD8182EA91F9F00CC4300 /* MovieDetailsViewController.swift in Sources */,
				CA0AD81A2EA91F9F00CC4300 /* AppDelegate.swift in Sources */,
				CA0AD8452EA94DDA00CC4300 /* FavoritesScreenViewModel.swift in Sources */,
				CA0AD81B2EA91F9F00CC4300 /* Helper.swift in Sources */,
				CA0AD81C2EA91F9F00CC4300 /* SceneDelegate.swift in Sources */,
				CA0AD8432EA94DA900CC4300 /* FavoritesScreenView.swift in Sources */,
			);
			runOnlyForDeploymentPostprocessing = 0;
		};
/* End PBXSourcesBuildPhase section */

/* Begin PBXVariantGroup section */
		CA0AD7FD2EA91F9F00CC4300 /* LaunchScreen.storyboard */ = {
			isa = PBXVariantGroup;
			children = (
				CA0AD7FC2EA91F9F00CC4300 /* Base */,
			);
			name = LaunchScreen.storyboard;
			sourceTree = "<group>";
		};
/* End PBXVariantGroup section */

/* Begin XCBuildConfiguration section */
		CB35405C2E53764E000E1DD6 /* Debug */ = {
			isa = XCBuildConfiguration;
			buildSettings = {
				ASSETCATALOG_COMPILER_APPICON_NAME = AppIcon;
				ASSETCATALOG_COMPILER_GLOBAL_ACCENT_COLOR_NAME = AccentColor;
				CODE_SIGN_STYLE = Automatic;
				CURRENT_PROJECT_VERSION = 1;
				DEVELOPMENT_TEAM = U8C8RY55WR;
				GENERATE_INFOPLIST_FILE = YES;
				INFOPLIST_FILE = TestForInterview/Resources/Info.plist;
				INFOPLIST_KEY_UIApplicationSupportsIndirectInputEvents = YES;
				INFOPLIST_KEY_UILaunchStoryboardName = LaunchScreen;
				INFOPLIST_KEY_UISupportedInterfaceOrientations_iPad = "UIInterfaceOrientationPortrait UIInterfaceOrientationPortraitUpsideDown UIInterfaceOrientationLandscapeLeft UIInterfaceOrientationLandscapeRight";
				INFOPLIST_KEY_UISupportedInterfaceOrientations_iPhone = "UIInterfaceOrientationPortrait UIInterfaceOrientationLandscapeLeft UIInterfaceOrientationLandscapeRight";
				IPHONEOS_DEPLOYMENT_TARGET = 13.0;
				LD_RUNPATH_SEARCH_PATHS = (
					"$(inherited)",
					"@executable_path/Frameworks",
				);
				MARKETING_VERSION = 1.0;
				PRODUCT_BUNDLE_IDENTIFIER = com.test.TestForInterview;
				PRODUCT_NAME = "$(TARGET_NAME)";
				SUPPORTED_PLATFORMS = "iphoneos iphonesimulator";
				SUPPORTS_MACCATALYST = NO;
				SUPPORTS_MAC_DESIGNED_FOR_IPHONE_IPAD = NO;
				SUPPORTS_XR_DESIGNED_FOR_IPHONE_IPAD = NO;
				SWIFT_EMIT_LOC_STRINGS = YES;
				SWIFT_VERSION = 5.0;
				TARGETED_DEVICE_FAMILY = 1;
			};
			name = Debug;
		};
		CB35405D2E53764E000E1DD6 /* Release */ = {
			isa = XCBuildConfiguration;
			buildSettings = {
				ASSETCATALOG_COMPILER_APPICON_NAME = AppIcon;
				ASSETCATALOG_COMPILER_GLOBAL_ACCENT_COLOR_NAME = AccentColor;
				CODE_SIGN_STYLE = Automatic;
				CURRENT_PROJECT_VERSION = 1;
				DEVELOPMENT_TEAM = U8C8RY55WR;
				GENERATE_INFOPLIST_FILE = YES;
				INFOPLIST_FILE = TestForInterview/Resources/Info.plist;
				INFOPLIST_KEY_UIApplicationSupportsIndirectInputEvents = YES;
				INFOPLIST_KEY_UILaunchStoryboardName = LaunchScreen;
				INFOPLIST_KEY_UISupportedInterfaceOrientations_iPad = "UIInterfaceOrientationPortrait UIInterfaceOrientationPortraitUpsideDown UIInterfaceOrientationLandscapeLeft UIInterfaceOrientationLandscapeRight";
				INFOPLIST_KEY_UISupportedInterfaceOrientations_iPhone = "UIInterfaceOrientationPortrait UIInterfaceOrientationLandscapeLeft UIInterfaceOrientationLandscapeRight";
				IPHONEOS_DEPLOYMENT_TARGET = 13.0;
				LD_RUNPATH_SEARCH_PATHS = (
					"$(inherited)",
					"@executable_path/Frameworks",
				);
				MARKETING_VERSION = 1.0;
				PRODUCT_BUNDLE_IDENTIFIER = com.test.TestForInterview;
				PRODUCT_NAME = "$(TARGET_NAME)";
				SUPPORTED_PLATFORMS = "iphoneos iphonesimulator";
				SUPPORTS_MACCATALYST = NO;
				SUPPORTS_MAC_DESIGNED_FOR_IPHONE_IPAD = NO;
				SUPPORTS_XR_DESIGNED_FOR_IPHONE_IPAD = NO;
				SWIFT_EMIT_LOC_STRINGS = YES;
				SWIFT_VERSION = 5.0;
				TARGETED_DEVICE_FAMILY = 1;
			};
			name = Release;
		};
		CB35405E2E53764E000E1DD6 /* Debug */ = {
			isa = XCBuildConfiguration;
			buildSettings = {
				ALWAYS_SEARCH_USER_PATHS = NO;
				ASSETCATALOG_COMPILER_GENERATE_SWIFT_ASSET_SYMBOL_EXTENSIONS = YES;
				CLANG_ANALYZER_NONNULL = YES;
				CLANG_ANALYZER_NUMBER_OBJECT_CONVERSION = YES_AGGRESSIVE;
				CLANG_CXX_LANGUAGE_STANDARD = "gnu++20";
				CLANG_ENABLE_MODULES = YES;
				CLANG_ENABLE_OBJC_ARC = YES;
				CLANG_ENABLE_OBJC_WEAK = YES;
				CLANG_WARN_BLOCK_CAPTURE_AUTORELEASING = YES;
				CLANG_WARN_BOOL_CONVERSION = YES;
				CLANG_WARN_COMMA = YES;
				CLANG_WARN_CONSTANT_CONVERSION = YES;
				CLANG_WARN_DEPRECATED_OBJC_IMPLEMENTATIONS = YES;
				CLANG_WARN_DIRECT_OBJC_ISA_USAGE = YES_ERROR;
				CLANG_WARN_DOCUMENTATION_COMMENTS = YES;
				CLANG_WARN_EMPTY_BODY = YES;
				CLANG_WARN_ENUM_CONVERSION = YES;
				CLANG_WARN_INFINITE_RECURSION = YES;
				CLANG_WARN_INT_CONVERSION = YES;
				CLANG_WARN_NON_LITERAL_NULL_CONVERSION = YES;
				CLANG_WARN_OBJC_IMPLICIT_RETAIN_SELF = YES;
				CLANG_WARN_OBJC_LITERAL_CONVERSION = YES;
				CLANG_WARN_OBJC_ROOT_CLASS = YES_ERROR;
				CLANG_WARN_QUOTED_INCLUDE_IN_FRAMEWORK_HEADER = YES;
				CLANG_WARN_RANGE_LOOP_ANALYSIS = YES;
				CLANG_WARN_STRICT_PROTOTYPES = YES;
				CLANG_WARN_SUSPICIOUS_MOVE = YES;
				CLANG_WARN_UNGUARDED_AVAILABILITY = YES_AGGRESSIVE;
				CLANG_WARN_UNREACHABLE_CODE = YES;
				CLANG_WARN__DUPLICATE_METHOD_MATCH = YES;
				COPY_PHASE_STRIP = NO;
				DEBUG_INFORMATION_FORMAT = dwarf;
				ENABLE_STRICT_OBJC_MSGSEND = YES;
				ENABLE_TESTABILITY = YES;
				ENABLE_USER_SCRIPT_SANDBOXING = YES;
				GCC_C_LANGUAGE_STANDARD = gnu17;
				GCC_DYNAMIC_NO_PIC = NO;
				GCC_NO_COMMON_BLOCKS = YES;
				GCC_OPTIMIZATION_LEVEL = 0;
				GCC_PREPROCESSOR_DEFINITIONS = (
					"DEBUG=1",
					"$(inherited)",
				);
				GCC_WARN_64_TO_32_BIT_CONVERSION = YES;
				GCC_WARN_ABOUT_RETURN_TYPE = YES_ERROR;
				GCC_WARN_UNDECLARED_SELECTOR = YES;
				GCC_WARN_UNINITIALIZED_AUTOS = YES_AGGRESSIVE;
				GCC_WARN_UNUSED_FUNCTION = YES;
				GCC_WARN_UNUSED_VARIABLE = YES;
				IPHONEOS_DEPLOYMENT_TARGET = 18.5;
				LOCALIZATION_PREFERS_STRING_CATALOGS = YES;
				MTL_ENABLE_DEBUG_INFO = INCLUDE_SOURCE;
				MTL_FAST_MATH = YES;
				ONLY_ACTIVE_ARCH = YES;
				SDKROOT = iphoneos;
				SWIFT_ACTIVE_COMPILATION_CONDITIONS = "DEBUG $(inherited)";
				SWIFT_OPTIMIZATION_LEVEL = "-Onone";
			};
			name = Debug;
		};
		CB35405F2E53764E000E1DD6 /* Release */ = {
			isa = XCBuildConfiguration;
			buildSettings = {
				ALWAYS_SEARCH_USER_PATHS = NO;
				ASSETCATALOG_COMPILER_GENERATE_SWIFT_ASSET_SYMBOL_EXTENSIONS = YES;
				CLANG_ANALYZER_NONNULL = YES;
				CLANG_ANALYZER_NUMBER_OBJECT_CONVERSION = YES_AGGRESSIVE;
				CLANG_CXX_LANGUAGE_STANDARD = "gnu++20";
				CLANG_ENABLE_MODULES = YES;
				CLANG_ENABLE_OBJC_ARC = YES;
				CLANG_ENABLE_OBJC_WEAK = YES;
				CLANG_WARN_BLOCK_CAPTURE_AUTORELEASING = YES;
				CLANG_WARN_BOOL_CONVERSION = YES;
				CLANG_WARN_COMMA = YES;
				CLANG_WARN_CONSTANT_CONVERSION = YES;
				CLANG_WARN_DEPRECATED_OBJC_IMPLEMENTATIONS = YES;
				CLANG_WARN_DIRECT_OBJC_ISA_USAGE = YES_ERROR;
				CLANG_WARN_DOCUMENTATION_COMMENTS = YES;
				CLANG_WARN_EMPTY_BODY = YES;
				CLANG_WARN_ENUM_CONVERSION = YES;
				CLANG_WARN_INFINITE_RECURSION = YES;
				CLANG_WARN_INT_CONVERSION = YES;
				CLANG_WARN_NON_LITERAL_NULL_CONVERSION = YES;
				CLANG_WARN_OBJC_IMPLICIT_RETAIN_SELF = YES;
				CLANG_WARN_OBJC_LITERAL_CONVERSION = YES;
				CLANG_WARN_OBJC_ROOT_CLASS = YES_ERROR;
				CLANG_WARN_QUOTED_INCLUDE_IN_FRAMEWORK_HEADER = YES;
				CLANG_WARN_RANGE_LOOP_ANALYSIS = YES;
				CLANG_WARN_STRICT_PROTOTYPES = YES;
				CLANG_WARN_SUSPICIOUS_MOVE = YES;
				CLANG_WARN_UNGUARDED_AVAILABILITY = YES_AGGRESSIVE;
				CLANG_WARN_UNREACHABLE_CODE = YES;
				CLANG_WARN__DUPLICATE_METHOD_MATCH = YES;
				COPY_PHASE_STRIP = NO;
				DEBUG_INFORMATION_FORMAT = "dwarf-with-dsym";
				ENABLE_NS_ASSERTIONS = NO;
				ENABLE_STRICT_OBJC_MSGSEND = YES;
				ENABLE_USER_SCRIPT_SANDBOXING = YES;
				GCC_C_LANGUAGE_STANDARD = gnu17;
				GCC_NO_COMMON_BLOCKS = YES;
				GCC_WARN_64_TO_32_BIT_CONVERSION = YES;
				GCC_WARN_ABOUT_RETURN_TYPE = YES_ERROR;
				GCC_WARN_UNDECLARED_SELECTOR = YES;
				GCC_WARN_UNINITIALIZED_AUTOS = YES_AGGRESSIVE;
				GCC_WARN_UNUSED_FUNCTION = YES;
				GCC_WARN_UNUSED_VARIABLE = YES;
				IPHONEOS_DEPLOYMENT_TARGET = 18.5;
				LOCALIZATION_PREFERS_STRING_CATALOGS = YES;
				MTL_ENABLE_DEBUG_INFO = NO;
				MTL_FAST_MATH = YES;
				SDKROOT = iphoneos;
				SWIFT_COMPILATION_MODE = wholemodule;
				VALIDATE_PRODUCT = YES;
			};
			name = Release;
		};
/* End XCBuildConfiguration section */

/* Begin XCConfigurationList section */
		CB3540432E53764C000E1DD6 /* Build configuration list for PBXProject "TestForInterview" */ = {
			isa = XCConfigurationList;
			buildConfigurations = (
				CB35405E2E53764E000E1DD6 /* Debug */,
				CB35405F2E53764E000E1DD6 /* Release */,
			);
			defaultConfigurationIsVisible = 0;
			defaultConfigurationName = Release;
		};
		CB35405B2E53764E000E1DD6 /* Build configuration list for PBXNativeTarget "TestForInterview" */ = {
			isa = XCConfigurationList;
			buildConfigurations = (
				CB35405C2E53764E000E1DD6 /* Debug */,
				CB35405D2E53764E000E1DD6 /* Release */,
			);
			defaultConfigurationIsVisible = 0;
			defaultConfigurationName = Release;
		};
/* End XCConfigurationList section */

/* Begin XCRemoteSwiftPackageReference section */
		CA0AD79C2EA6F24A00CC4300 /* XCRemoteSwiftPackageReference "SDWebImage" */ = {
			isa = XCRemoteSwiftPackageReference;
			repositoryURL = "https://github.com/SDWebImage/SDWebImage";
			requirement = {
				kind = upToNextMajorVersion;
				minimumVersion = 5.21.3;
			};
		};
/* End XCRemoteSwiftPackageReference section */

/* Begin XCSwiftPackageProductDependency section */
		CA0AD79D2EA6F24A00CC4300 /* SDWebImage */ = {
			isa = XCSwiftPackageProductDependency;
			package = CA0AD79C2EA6F24A00CC4300 /* XCRemoteSwiftPackageReference "SDWebImage" */;
			productName = SDWebImage;
		};
/* End XCSwiftPackageProductDependency section */

/* Begin XCVersionGroup section */
		CA0AD8522EA973F000CC4300 /* FavoritesStore.xcdatamodeld */ = {
			isa = XCVersionGroup;
			children = (
				CA0AD8532EA973F000CC4300 /* FavoritesStore.xcdatamodel */,
			);
			currentVersion = CA0AD8532EA973F000CC4300 /* FavoritesStore.xcdatamodel */;
			path = FavoritesStore.xcdatamodeld;
			sourceTree = "<group>";
			versionGroupType = wrapper.xcdatamodel;
		};
/* End XCVersionGroup section */
	};
	rootObject = CB3540402E53764C000E1DD6 /* Project object */;
}
